PODS:
  - BoringSSL (1.0)
  - gRPC (0.12.0):
    - gRPC/C-Core (= 0.12.0)
    - gRPC/GRPCClient (= 0.12.0)
    - gRPC/ProtoRPC (= 0.12.0)
    - gRPC/RxLibrary (= 0.12.0)
  - gRPC/C-Core (0.12.0):
    - BoringSSL (~> 1.0)
  - gRPC/GRPCClient (0.12.0):
    - gRPC/C-Core
    - gRPC/RxLibrary
  - gRPC/ProtoRPC (0.12.0):
    - gRPC/GRPCClient
    - gRPC/RxLibrary
    - Protobuf (~> 3.0.0-alpha-4)
  - gRPC/RxLibrary (0.12.0)
  - Protobuf (3.0.0-alpha-4)
  - RouteGuide (0.0.1):
    - RouteGuide/Messages (= 0.0.1)
    - RouteGuide/Services (= 0.0.1)
  - RouteGuide/Messages (0.0.1):
    - Protobuf (~> 3.0.0-alpha-4)
  - RouteGuide/Services (0.0.1):
    - gRPC (~> 0.12)
    - RouteGuide/Messages

DEPENDENCIES:
  - BoringSSL (from `../../../src/objective-c`)
  - gRPC (from `../../..`)
  - Protobuf (from `../../../third_party/protobuf`)
  - RouteGuide (from `.`)

EXTERNAL SOURCES:
  BoringSSL:
    :podspec: ../../../src/objective-c
  gRPC:
    :path: ../../..
  Protobuf:
    :path: ../../../third_party/protobuf
  RouteGuide:
    :path: .

SPEC CHECKSUMS:
  BoringSSL: 2f8ab6b55f82b0ae2dabb9796add3a46e27db336
  gRPC: 37f5d0891bed2ad5796ca35a034e6efb3e89a7ac
  Protobuf: b702b9d429e03afcd01aa86ac81e771bb472f18a
  RouteGuide: 18e7af913fe1fd118f67e601c0835d8c478d6e39

COCOAPODS: 0.39.0
