PODS:
  - Bolts (1.6.0):
    - Bolts/AppLinks (= 1.6.0)
    - Bolts/Tasks (= 1.6.0)
  - Bolts/AppLinks (1.6.0):
    - Bolts/Tasks
  - Bolts/Tasks (1.6.0)
  - CrowdSound (0.0.4):
    - CrowdSound/Messages (= 0.0.4)
    - CrowdSound/Services (= 0.0.4)
  - CrowdSound/Messages (0.0.4):
    - Protobuf (~> 3.0.0-alpha-4)
  - CrowdSound/Services (0.0.4):
    - CrowdSound/Messages
    - gRPC (~> 0.11)
  - CSStickyHeaderFlowLayout (0.2.10)
  - CZPicker (0.3.7)
  - DRCellSlideGestureRecognizer (1.0.0)
  - gRPC (0.11.0):
    - gRPC/C-Core (= 0.11.0)
    - gRPC/GRPCClient (= 0.11.0)
    - gRPC/ProtoRPC (= 0.11.0)
    - gRPC/RxLibrary (= 0.11.0)
  - gRPC/C-Core (0.11.0):
    - OpenSSL (~> 1.0.200)
  - gRPC/GRPCClient (0.11.0):
    - gRPC/C-Core
    - gRPC/RxLibrary
  - gRPC/ProtoRPC (0.11.0):
    - gRPC/GRPCClient
    - gRPC/RxLibrary
    - Protobuf (~> 3.0.0-alpha-4)
  - gRPC/RxLibrary (0.11.0)
  - OpenSSL (1.0.207)
  - Protobuf (3.0.0-alpha-4)
  - RESideMenu (4.0.7)
  - RNActivityView (0.0.6)
  - TWMessageBarManager (1.8.1)

DEPENDENCIES:
  - Bolts
  - CrowdSound (from `.`)
  - CSStickyHeaderFlowLayout
  - CZPicker
  - DRCellSlideGestureRecognizer
  - gRPC (from `lib/grpc`)
  - Protobuf (from `lib/grpc/third_party/protobuf`)
  - RESideMenu
  - RNActivityView
  - TWMessageBarManager

EXTERNAL SOURCES:
  CrowdSound:
    :path: .
  gRPC:
    :path: lib/grpc
  Protobuf:
    :path: lib/grpc/third_party/protobuf

SPEC CHECKSUMS:
  Bolts: f52a250053bb517ca874523c3913776359ab3def
  CrowdSound: a85aaf8ee291aec58c0954e649cee897142d387e
  CSStickyHeaderFlowLayout: 5366582779d8b7c9ba9b9cc729c218cc23888776
  CZPicker: c5dc1f70c4fe48e1a5a06c0f45a468295c47e3a3
  DRCellSlideGestureRecognizer: c7213100aa8b1a54b3388c2e73894039058c7795
  gRPC: 62a6e6d10f1ecea1b2ee4827494b8438ad97e6a5
  OpenSSL: 26eb46b2836c0dade24fa53276b552f14c6eece1
  Protobuf: b702b9d429e03afcd01aa86ac81e771bb472f18a
  RESideMenu: f24c508404b49c667344c54aba7e590883533958
  RNActivityView: 889126dc047fc6fa10aac88a13ebff677c53bf82
  TWMessageBarManager: fd84e7948ba7968a2b5d9454859135761214ec56

COCOAPODS: 0.39.0
