PODS:
  - Bolts (1.6.0):
    - Bolts/AppLinks (= 1.6.0)
    - Bolts/Tasks (= 1.6.0)
  - Bolts/AppLinks (1.6.0):
    - Bolts/Tasks
  - Bolts/Tasks (1.6.0)
  - CrowdSound (0.0.3):
    - CrowdSound/Messages (= 0.0.3)
    - CrowdSound/Services (= 0.0.3)
  - CrowdSound/Messages (0.0.3):
    - Protobuf (~> 3.0.0-alpha-4)
  - CrowdSound/Services (0.0.3):
    - CrowdSound/Messages
    - gRPC (~> 0.11)
  - CSStickyHeaderFlowLayout (0.2.10)
  - gRPC (0.11.0):
    - gRPC/C-Core (= 0.11.0)
    - gRPC/GRPCClient (= 0.11.0)
    - gRPC/ProtoRPC (= 0.11.0)
    - gRPC/RxLibrary (= 0.11.0)
  - gRPC/C-Core (0.11.0):
    - OpenSSL (~> 1.0.200)
  - gRPC/GRPCClient (0.11.0):
    - gRPC/C-Core
    - gRPC/RxLibrary
  - gRPC/ProtoRPC (0.11.0):
    - gRPC/GRPCClient
    - gRPC/RxLibrary
    - Protobuf (~> 3.0.0-alpha-4)
  - gRPC/RxLibrary (0.11.0)
  - HPLTagCloudGenerator (0.0.3)
  - MMMaterialDesignSpinner (0.2.3)
  - OpenSSL (1.0.206)
  - Protobuf (3.0.0-alpha-4)
  - RESideMenu (4.0.7)

DEPENDENCIES:
  - Bolts
  - CrowdSound (from `.`)
  - CSStickyHeaderFlowLayout
  - gRPC (from `lib/grpc`)
  - HPLTagCloudGenerator
  - MMMaterialDesignSpinner
  - Protobuf (from `lib/grpc/third_party/protobuf`)
  - RESideMenu

EXTERNAL SOURCES:
  CrowdSound:
    :path: .
  gRPC:
    :path: lib/grpc
  Protobuf:
    :path: lib/grpc/third_party/protobuf

SPEC CHECKSUMS:
  Bolts: f52a250053bb517ca874523c3913776359ab3def
  CrowdSound: 45fdf2bafc66eb52ea946ac6edda8bd5ae70b38c
  CSStickyHeaderFlowLayout: 5366582779d8b7c9ba9b9cc729c218cc23888776
  gRPC: 62a6e6d10f1ecea1b2ee4827494b8438ad97e6a5
  HPLTagCloudGenerator: 2c3b973eabab214cb76126f084df31bf1b7a6adf
  MMMaterialDesignSpinner: 55c80b454f7928d0ed789cc3c456fa06bd6a2f16
  OpenSSL: 0de82ee7d57a219bcc22a3e2cce78ae159c8fbea
  Protobuf: b702b9d429e03afcd01aa86ac81e771bb472f18a
  RESideMenu: f24c508404b49c667344c54aba7e590883533958

COCOAPODS: 0.39.0
